// !$*UTF8*$!
{
	archiveVersion = 1;
	classes = {
	};
	objectVersion = 50;
	objects = {

/* Begin PBXBuildFile section */
		04F29013257BA52600D98797 /* AppDelegate.swift in Sources */ = {isa = PBXBuildFile; fileRef = 04F29012257BA52600D98797 /* AppDelegate.swift */; };
		04F29015257BA52600D98797 /* SceneDelegate.swift in Sources */ = {isa = PBXBuildFile; fileRef = 04F29014257BA52600D98797 /* SceneDelegate.swift */; };
		04F29017257BA52600D98797 /* ViewController.swift in Sources */ = {isa = PBXBuildFile; fileRef = 04F29016257BA52600D98797 /* ViewController.swift */; };
		04F2901A257BA52600D98797 /* Main.storyboard in Resources */ = {isa = PBXBuildFile; fileRef = 04F29018257BA52600D98797 /* Main.storyboard */; };
		04F2901C257BA53100D98797 /* Assets.xcassets in Resources */ = {isa = PBXBuildFile; fileRef = 04F2901B257BA53100D98797 /* Assets.xcassets */; };
		04F2901F257BA53100D98797 /* LaunchScreen.storyboard in Resources */ = {isa = PBXBuildFile; fileRef = 04F2901D257BA53100D98797 /* LaunchScreen.storyboard */; };
		04F2902E257BA58800D98797 /* NotificationService.swift in Sources */ = {isa = PBXBuildFile; fileRef = 04F2902D257BA58800D98797 /* NotificationService.swift */; };
		04F29032257BA58800D98797 /* OneSignalNotificationServiceExtension.appex in Embed App Extensions */ = {isa = PBXBuildFile; fileRef = 04F2902B257BA58800D98797 /* OneSignalNotificationServiceExtension.appex */; settings = {ATTRIBUTES = (RemoveHeadersOnCopy, ); }; };
		77392D8344D9AEEE3A644504 /* Pods_OneSignalTest.framework in Frameworks */ = {isa = PBXBuildFile; fileRef = FA566A421020B825AE945DF4 /* Pods_OneSignalTest.framework */; };
		D068FD6F8DBEE1CB84B712A2 /* Pods_OneSignalNotificationServiceExtension.framework in Frameworks */ = {isa = PBXBuildFile; fileRef = 79ADB1FE7E56E237A5FC996D /* Pods_OneSignalNotificationServiceExtension.framework */; };
/* End PBXBuildFile section */

/* Begin PBXContainerItemProxy section */
		04F29030257BA58800D98797 /* PBXContainerItemProxy */ = {
			isa = PBXContainerItemProxy;
			containerPortal = 04F29007257BA52600D98797 /* Project object */;
			proxyType = 1;
			remoteGlobalIDString = 04F2902A257BA58800D98797;
			remoteInfo = OneSignalNotificationServiceExtension;
		};
/* End PBXContainerItemProxy section */

/* Begin PBXCopyFilesBuildPhase section */
		04F29036257BA58800D98797 /* Embed App Extensions */ = {
			isa = PBXCopyFilesBuildPhase;
			buildActionMask = 2147483647;
			dstPath = "";
			dstSubfolderSpec = 13;
			files = (
				04F29032257BA58800D98797 /* OneSignalNotificationServiceExtension.appex in Embed App Extensions */,
			);
			name = "Embed App Extensions";
			runOnlyForDeploymentPostprocessing = 0;
		};
/* End PBXCopyFilesBuildPhase section */

/* Begin PBXFileReference section */
		04F2900F257BA52600D98797 /* OneSignalTest.app */ = {isa = PBXFileReference; explicitFileType = wrapper.application; includeInIndex = 0; path = OneSignalTest.app; sourceTree = BUILT_PRODUCTS_DIR; };
		04F29012257BA52600D98797 /* AppDelegate.swift */ = {isa = PBXFileReference; lastKnownFileType = sourcecode.swift; path = AppDelegate.swift; sourceTree = "<group>"; };
		04F29014257BA52600D98797 /* SceneDelegate.swift */ = {isa = PBXFileReference; lastKnownFileType = sourcecode.swift; path = SceneDelegate.swift; sourceTree = "<group>"; };
		04F29016257BA52600D98797 /* ViewController.swift */ = {isa = PBXFileReference; lastKnownFileType = sourcecode.swift; path = ViewController.swift; sourceTree = "<group>"; };
		04F29019257BA52600D98797 /* Base */ = {isa = PBXFileReference; lastKnownFileType = file.storyboard; name = Base; path = Base.lproj/Main.storyboard; sourceTree = "<group>"; };
		04F2901B257BA53100D98797 /* Assets.xcassets */ = {isa = PBXFileReference; lastKnownFileType = folder.assetcatalog; path = Assets.xcassets; sourceTree = "<group>"; };
		04F2901E257BA53100D98797 /* Base */ = {isa = PBXFileReference; lastKnownFileType = file.storyboard; name = Base; path = Base.lproj/LaunchScreen.storyboard; sourceTree = "<group>"; };
		04F29020257BA53100D98797 /* Info.plist */ = {isa = PBXFileReference; lastKnownFileType = text.plist.xml; path = Info.plist; sourceTree = "<group>"; };
		04F2902B257BA58800D98797 /* OneSignalNotificationServiceExtension.appex */ = {isa = PBXFileReference; explicitFileType = "wrapper.app-extension"; includeInIndex = 0; path = OneSignalNotificationServiceExtension.appex; sourceTree = BUILT_PRODUCTS_DIR; };
		04F2902D257BA58800D98797 /* NotificationService.swift */ = {isa = PBXFileReference; lastKnownFileType = sourcecode.swift; path = NotificationService.swift; sourceTree = "<group>"; };
		04F2902F257BA58800D98797 /* Info.plist */ = {isa = PBXFileReference; lastKnownFileType = text.plist.xml; path = Info.plist; sourceTree = "<group>"; };
		04F29043257BA79300D98797 /* OneSignalTest.entitlements */ = {isa = PBXFileReference; lastKnownFileType = text.plist.entitlements; path = OneSignalTest.entitlements; sourceTree = "<group>"; };
		35873FCC2ED5FA8A70D45DFB /* Pods-OneSignalTest.release.xcconfig */ = {isa = PBXFileReference; includeInIndex = 1; lastKnownFileType = text.xcconfig; name = "Pods-OneSignalTest.release.xcconfig"; path = "Target Support Files/Pods-OneSignalTest/Pods-OneSignalTest.release.xcconfig"; sourceTree = "<group>"; };
		6DA87611B2F6EBA533FE45E6 /* Pods-OneSignalTest.debug.xcconfig */ = {isa = PBXFileReference; includeInIndex = 1; lastKnownFileType = text.xcconfig; name = "Pods-OneSignalTest.debug.xcconfig"; path = "Target Support Files/Pods-OneSignalTest/Pods-OneSignalTest.debug.xcconfig"; sourceTree = "<group>"; };
		79ADB1FE7E56E237A5FC996D /* Pods_OneSignalNotificationServiceExtension.framework */ = {isa = PBXFileReference; explicitFileType = wrapper.framework; includeInIndex = 0; path = Pods_OneSignalNotificationServiceExtension.framework; sourceTree = BUILT_PRODUCTS_DIR; };
		F05DC206CC48CCD00B7808B2 /* Pods-OneSignalNotificationServiceExtension.release.xcconfig */ = {isa = PBXFileReference; includeInIndex = 1; lastKnownFileType = text.xcconfig; name = "Pods-OneSignalNotificationServiceExtension.release.xcconfig"; path = "Target Support Files/Pods-OneSignalNotificationServiceExtension/Pods-OneSignalNotificationServiceExtension.release.xcconfig"; sourceTree = "<group>"; };
		F2AE82D423D049BB9C30523D /* Pods-OneSignalNotificationServiceExtension.debug.xcconfig */ = {isa = PBXFileReference; includeInIndex = 1; lastKnownFileType = text.xcconfig; name = "Pods-OneSignalNotificationServiceExtension.debug.xcconfig"; path = "Target Support Files/Pods-OneSignalNotificationServiceExtension/Pods-OneSignalNotificationServiceExtension.debug.xcconfig"; sourceTree = "<group>"; };
		FA566A421020B825AE945DF4 /* Pods_OneSignalTest.framework */ = {isa = PBXFileReference; explicitFileType = wrapper.framework; includeInIndex = 0; path = Pods_OneSignalTest.framework; sourceTree = BUILT_PRODUCTS_DIR; };
/* End PBXFileReference section */

/* Begin PBXFrameworksBuildPhase section */
		04F2900C257BA52600D98797 /* Frameworks */ = {
			isa = PBXFrameworksBuildPhase;
			buildActionMask = 2147483647;
			files = (
				77392D8344D9AEEE3A644504 /* Pods_OneSignalTest.framework in Frameworks */,
			);
			runOnlyForDeploymentPostprocessing = 0;
		};
		04F29028257BA58800D98797 /* Frameworks */ = {
			isa = PBXFrameworksBuildPhase;
			buildActionMask = 2147483647;
			files = (
				D068FD6F8DBEE1CB84B712A2 /* Pods_OneSignalNotificationServiceExtension.framework in Frameworks */,
			);
			runOnlyForDeploymentPostprocessing = 0;
		};
/* End PBXFrameworksBuildPhase section */

/* Begin PBXGroup section */
		04F29006257BA52500D98797 = {
			isa = PBXGroup;
			children = (
				04F29011257BA52600D98797 /* OneSignalTest */,
				04F2902C257BA58800D98797 /* OneSignalNotificationServiceExtension */,
				04F29010257BA52600D98797 /* Products */,
				708D65282CE0721D568BDEA4 /* Pods */,
				148A2F769BA698E9F9A4A9F4 /* Frameworks */,
			);
			sourceTree = "<group>";
		};
		04F29010257BA52600D98797 /* Products */ = {
			isa = PBXGroup;
			children = (
				04F2900F257BA52600D98797 /* OneSignalTest.app */,
				04F2902B257BA58800D98797 /* OneSignalNotificationServiceExtension.appex */,
			);
			name = Products;
			sourceTree = "<group>";
		};
		04F29011257BA52600D98797 /* OneSignalTest */ = {
			isa = PBXGroup;
			children = (
				04F29043257BA79300D98797 /* OneSignalTest.entitlements */,
				04F29012257BA52600D98797 /* AppDelegate.swift */,
				04F29014257BA52600D98797 /* SceneDelegate.swift */,
				04F29016257BA52600D98797 /* ViewController.swift */,
				04F29018257BA52600D98797 /* Main.storyboard */,
				04F2901B257BA53100D98797 /* Assets.xcassets */,
				04F2901D257BA53100D98797 /* LaunchScreen.storyboard */,
				04F29020257BA53100D98797 /* Info.plist */,
			);
			path = OneSignalTest;
			sourceTree = "<group>";
		};
		04F2902C257BA58800D98797 /* OneSignalNotificationServiceExtension */ = {
			isa = PBXGroup;
			children = (
				04F2902D257BA58800D98797 /* NotificationService.swift */,
				04F2902F257BA58800D98797 /* Info.plist */,
			);
			path = OneSignalNotificationServiceExtension;
			sourceTree = "<group>";
		};
		148A2F769BA698E9F9A4A9F4 /* Frameworks */ = {
			isa = PBXGroup;
			children = (
				79ADB1FE7E56E237A5FC996D /* Pods_OneSignalNotificationServiceExtension.framework */,
				FA566A421020B825AE945DF4 /* Pods_OneSignalTest.framework */,
			);
			name = Frameworks;
			sourceTree = "<group>";
		};
		708D65282CE0721D568BDEA4 /* Pods */ = {
			isa = PBXGroup;
			children = (
				F2AE82D423D049BB9C30523D /* Pods-OneSignalNotificationServiceExtension.debug.xcconfig */,
				F05DC206CC48CCD00B7808B2 /* Pods-OneSignalNotificationServiceExtension.release.xcconfig */,
				6DA87611B2F6EBA533FE45E6 /* Pods-OneSignalTest.debug.xcconfig */,
				35873FCC2ED5FA8A70D45DFB /* Pods-OneSignalTest.release.xcconfig */,
			);
			path = Pods;
			sourceTree = "<group>";
		};
/* End PBXGroup section */

/* Begin PBXNativeTarget section */
		04F2900E257BA52600D98797 /* OneSignalTest */ = {
			isa = PBXNativeTarget;
			buildConfigurationList = 04F29023257BA53100D98797 /* Build configuration list for PBXNativeTarget "OneSignalTest" */;
			buildPhases = (
				739A541570B6DE9ED14B16B6 /* [CP] Check Pods Manifest.lock */,
				04F2900B257BA52600D98797 /* Sources */,
				04F2900C257BA52600D98797 /* Frameworks */,
				04F2900D257BA52600D98797 /* Resources */,
				04F29036257BA58800D98797 /* Embed App Extensions */,
			);
			buildRules = (
			);
			dependencies = (
				04F29031257BA58800D98797 /* PBXTargetDependency */,
			);
			name = OneSignalTest;
			productName = OneSignalTest;
			productReference = 04F2900F257BA52600D98797 /* OneSignalTest.app */;
			productType = "com.apple.product-type.application";
		};
		04F2902A257BA58800D98797 /* OneSignalNotificationServiceExtension */ = {
			isa = PBXNativeTarget;
			buildConfigurationList = 04F29033257BA58800D98797 /* Build configuration list for PBXNativeTarget "OneSignalNotificationServiceExtension" */;
			buildPhases = (
				53E0551A54C3E7BD845ED7ED /* [CP] Check Pods Manifest.lock */,
				04F29027257BA58800D98797 /* Sources */,
				04F29028257BA58800D98797 /* Frameworks */,
				04F29029257BA58800D98797 /* Resources */,
			);
			buildRules = (
			);
			dependencies = (
			);
			name = OneSignalNotificationServiceExtension;
			productName = OneSignalNotificationServiceExtension;
			productReference = 04F2902B257BA58800D98797 /* OneSignalNotificationServiceExtension.appex */;
			productType = "com.apple.product-type.app-extension";
		};
/* End PBXNativeTarget section */

/* Begin PBXProject section */
		04F29007257BA52600D98797 /* Project object */ = {
			isa = PBXProject;
			attributes = {
				LastSwiftUpdateCheck = 1220;
				LastUpgradeCheck = 1220;
				TargetAttributes = {
					04F2900E257BA52600D98797 = {
						CreatedOnToolsVersion = 12.2;
					};
					04F2902A257BA58800D98797 = {
						CreatedOnToolsVersion = 12.2;
					};
				};
			};
			buildConfigurationList = 04F2900A257BA52600D98797 /* Build configuration list for PBXProject "OneSignalTest" */;
			compatibilityVersion = "Xcode 9.3";
			developmentRegion = en;
			hasScannedForEncodings = 0;
			knownRegions = (
				en,
				Base,
			);
			mainGroup = 04F29006257BA52500D98797;
			productRefGroup = 04F29010257BA52600D98797 /* Products */;
			projectDirPath = "";
			projectRoot = "";
			targets = (
				04F2900E257BA52600D98797 /* OneSignalTest */,
				04F2902A257BA58800D98797 /* OneSignalNotificationServiceExtension */,
			);
		};
/* End PBXProject section */

/* Begin PBXResourcesBuildPhase section */
		04F2900D257BA52600D98797 /* Resources */ = {
			isa = PBXResourcesBuildPhase;
			buildActionMask = 2147483647;
			files = (
				04F2901F257BA53100D98797 /* LaunchScreen.storyboard in Resources */,
				04F2901C257BA53100D98797 /* Assets.xcassets in Resources */,
				04F2901A257BA52600D98797 /* Main.storyboard in Resources */,
			);
			runOnlyForDeploymentPostprocessing = 0;
		};
		04F29029257BA58800D98797 /* Resources */ = {
			isa = PBXResourcesBuildPhase;
			buildActionMask = 2147483647;
			files = (
			);
			runOnlyForDeploymentPostprocessing = 0;
		};
/* End PBXResourcesBuildPhase section */

/* Begin PBXShellScriptBuildPhase section */
		53E0551A54C3E7BD845ED7ED /* [CP] Check Pods Manifest.lock */ = {
			isa = PBXShellScriptBuildPhase;
			buildActionMask = 2147483647;
			files = (
			);
			inputFileListPaths = (
			);
			inputPaths = (
				"${PODS_PODFILE_DIR_PATH}/Podfile.lock",
				"${PODS_ROOT}/Manifest.lock",
			);
			name = "[CP] Check Pods Manifest.lock";
			outputFileListPaths = (
			);
			outputPaths = (
				"$(DERIVED_FILE_DIR)/Pods-OneSignalNotificationServiceExtension-checkManifestLockResult.txt",
			);
			runOnlyForDeploymentPostprocessing = 0;
			shellPath = /bin/sh;
			shellScript = "diff \"${PODS_PODFILE_DIR_PATH}/Podfile.lock\" \"${PODS_ROOT}/Manifest.lock\" > /dev/null\nif [ $? != 0 ] ; then\n    # print error to STDERR\n    echo \"error: The sandbox is not in sync with the Podfile.lock. Run 'pod install' or update your CocoaPods installation.\" >&2\n    exit 1\nfi\n# This output is used by Xcode 'outputs' to avoid re-running this script phase.\necho \"SUCCESS\" > \"${SCRIPT_OUTPUT_FILE_0}\"\n";
			showEnvVarsInLog = 0;
		};
		739A541570B6DE9ED14B16B6 /* [CP] Check Pods Manifest.lock */ = {
			isa = PBXShellScriptBuildPhase;
			buildActionMask = 2147483647;
			files = (
			);
			inputFileListPaths = (
			);
			inputPaths = (
				"${PODS_PODFILE_DIR_PATH}/Podfile.lock",
				"${PODS_ROOT}/Manifest.lock",
			);
			name = "[CP] Check Pods Manifest.lock";
			outputFileListPaths = (
			);
			outputPaths = (
				"$(DERIVED_FILE_DIR)/Pods-OneSignalTest-checkManifestLockResult.txt",
			);
			runOnlyForDeploymentPostprocessing = 0;
			shellPath = /bin/sh;
			shellScript = "diff \"${PODS_PODFILE_DIR_PATH}/Podfile.lock\" \"${PODS_ROOT}/Manifest.lock\" > /dev/null\nif [ $? != 0 ] ; then\n    # print error to STDERR\n    echo \"error: The sandbox is not in sync with the Podfile.lock. Run 'pod install' or update your CocoaPods installation.\" >&2\n    exit 1\nfi\n# This output is used by Xcode 'outputs' to avoid re-running this script phase.\necho \"SUCCESS\" > \"${SCRIPT_OUTPUT_FILE_0}\"\n";
			showEnvVarsInLog = 0;
		};
/* End PBXShellScriptBuildPhase section */

/* Begin PBXSourcesBuildPhase section */
		04F2900B257BA52600D98797 /* Sources */ = {
			isa = PBXSourcesBuildPhase;
			buildActionMask = 2147483647;
			files = (
				04F29017257BA52600D98797 /* ViewController.swift in Sources */,
				04F29013257BA52600D98797 /* AppDelegate.swift in Sources */,
				04F29015257BA52600D98797 /* SceneDelegate.swift in Sources */,
			);
			runOnlyForDeploymentPostprocessing = 0;
		};
		04F29027257BA58800D98797 /* Sources */ = {
			isa = PBXSourcesBuildPhase;
			buildActionMask = 2147483647;
			files = (
				04F2902E257BA58800D98797 /* NotificationService.swift in Sources */,
			);
			runOnlyForDeploymentPostprocessing = 0;
		};
/* End PBXSourcesBuildPhase section */

/* Begin PBXTargetDependency section */
		04F29031257BA58800D98797 /* PBXTargetDependency */ = {
			isa = PBXTargetDependency;
			target = 04F2902A257BA58800D98797 /* OneSignalNotificationServiceExtension */;
			targetProxy = 04F29030257BA58800D98797 /* PBXContainerItemProxy */;
		};
/* End PBXTargetDependency section */

/* Begin PBXVariantGroup section */
		04F29018257BA52600D98797 /* Main.storyboard */ = {
			isa = PBXVariantGroup;
			children = (
				04F29019257BA52600D98797 /* Base */,
			);
			name = Main.storyboard;
			sourceTree = "<group>";
		};
		04F2901D257BA53100D98797 /* LaunchScreen.storyboard */ = {
			isa = PBXVariantGroup;
			children = (
				04F2901E257BA53100D98797 /* Base */,
			);
			name = LaunchScreen.storyboard;
			sourceTree = "<group>";
		};
/* End PBXVariantGroup section */

/* Begin XCBuildConfiguration section */
		04F29021257BA53100D98797 /* Debug */ = {
			isa = XCBuildConfiguration;
			buildSettings = {
				ALWAYS_SEARCH_USER_PATHS = NO;
				CLANG_ANALYZER_NONNULL = YES;
				CLANG_ANALYZER_NUMBER_OBJECT_CONVERSION = YES_AGGRESSIVE;
				CLANG_CXX_LANGUAGE_STANDARD = "gnu++14";
				CLANG_CXX_LIBRARY = "libc++";
				CLANG_ENABLE_MODULES = YES;
				CLANG_ENABLE_OBJC_ARC = YES;
				CLANG_ENABLE_OBJC_WEAK = YES;
				CLANG_WARN_BLOCK_CAPTURE_AUTORELEASING = YES;
				CLANG_WARN_BOOL_CONVERSION = YES;
				CLANG_WARN_COMMA = YES;
				CLANG_WARN_CONSTANT_CONVERSION = YES;
				CLANG_WARN_DEPRECATED_OBJC_IMPLEMENTATIONS = YES;
				CLANG_WARN_DIRECT_OBJC_ISA_USAGE = YES_ERROR;
				CLANG_WARN_DOCUMENTATION_COMMENTS = YES;
				CLANG_WARN_EMPTY_BODY = YES;
				CLANG_WARN_ENUM_CONVERSION = YES;
				CLANG_WARN_INFINITE_RECURSION = YES;
				CLANG_WARN_INT_CONVERSION = YES;
				CLANG_WARN_NON_LITERAL_NULL_CONVERSION = YES;
				CLANG_WARN_OBJC_IMPLICIT_RETAIN_SELF = YES;
				CLANG_WARN_OBJC_LITERAL_CONVERSION = YES;
				CLANG_WARN_OBJC_ROOT_CLASS = YES_ERROR;
				CLANG_WARN_QUOTED_INCLUDE_IN_FRAMEWORK_HEADER = YES;
				CLANG_WARN_RANGE_LOOP_ANALYSIS = YES;
				CLANG_WARN_STRICT_PROTOTYPES = YES;
				CLANG_WARN_SUSPICIOUS_MOVE = YES;
				CLANG_WARN_UNGUARDED_AVAILABILITY = YES_AGGRESSIVE;
				CLANG_WARN_UNREACHABLE_CODE = YES;
				CLANG_WARN__DUPLICATE_METHOD_MATCH = YES;
				COPY_PHASE_STRIP = NO;
				DEBUG_INFORMATION_FORMAT = dwarf;
				ENABLE_STRICT_OBJC_MSGSEND = YES;
				ENABLE_TESTABILITY = YES;
				GCC_C_LANGUAGE_STANDARD = gnu11;
				GCC_DYNAMIC_NO_PIC = NO;
				GCC_NO_COMMON_BLOCKS = YES;
				GCC_OPTIMIZATION_LEVEL = 0;
				GCC_PREPROCESSOR_DEFINITIONS = (
					"DEBUG=1",
					"$(inherited)",
				);
				GCC_WARN_64_TO_32_BIT_CONVERSION = YES;
				GCC_WARN_ABOUT_RETURN_TYPE = YES_ERROR;
				GCC_WARN_UNDECLARED_SELECTOR = YES;
				GCC_WARN_UNINITIALIZED_AUTOS = YES_AGGRESSIVE;
				GCC_WARN_UNUSED_FUNCTION = YES;
				GCC_WARN_UNUSED_VARIABLE = YES;
				IPHONEOS_DEPLOYMENT_TARGET = 13.0;
				MTL_ENABLE_DEBUG_INFO = INCLUDE_SOURCE;
				MTL_FAST_MATH = YES;
				ONLY_ACTIVE_ARCH = YES;
				SDKROOT = iphoneos;
				SWIFT_ACTIVE_COMPILATION_CONDITIONS = DEBUG;
				SWIFT_OPTIMIZATION_LEVEL = "-Onone";
			};
			name = Debug;
		};
		04F29022257BA53100D98797 /* Release */ = {
			isa = XCBuildConfiguration;
			buildSettings = {
				ALWAYS_SEARCH_USER_PATHS = NO;
				CLANG_ANALYZER_NONNULL = YES;
				CLANG_ANALYZER_NUMBER_OBJECT_CONVERSION = YES_AGGRESSIVE;
				CLANG_CXX_LANGUAGE_STANDARD = "gnu++14";
				CLANG_CXX_LIBRARY = "libc++";
				CLANG_ENABLE_MODULES = YES;
				CLANG_ENABLE_OBJC_ARC = YES;
				CLANG_ENABLE_OBJC_WEAK = YES;
				CLANG_WARN_BLOCK_CAPTURE_AUTORELEASING = YES;
				CLANG_WARN_BOOL_CONVERSION = YES;
				CLANG_WARN_COMMA = YES;
				CLANG_WARN_CONSTANT_CONVERSION = YES;
				CLANG_WARN_DEPRECATED_OBJC_IMPLEMENTATIONS = YES;
				CLANG_WARN_DIRECT_OBJC_ISA_USAGE = YES_ERROR;
				CLANG_WARN_DOCUMENTATION_COMMENTS = YES;
				CLANG_WARN_EMPTY_BODY = YES;
				CLANG_WARN_ENUM_CONVERSION = YES;
				CLANG_WARN_INFINITE_RECURSION = YES;
				CLANG_WARN_INT_CONVERSION = YES;
				CLANG_WARN_NON_LITERAL_NULL_CONVERSION = YES;
				CLANG_WARN_OBJC_IMPLICIT_RETAIN_SELF = YES;
				CLANG_WARN_OBJC_LITERAL_CONVERSION = YES;
				CLANG_WARN_OBJC_ROOT_CLASS = YES_ERROR;
				CLANG_WARN_QUOTED_INCLUDE_IN_FRAMEWORK_HEADER = YES;
				CLANG_WARN_RANGE_LOOP_ANALYSIS = YES;
				CLANG_WARN_STRICT_PROTOTYPES = YES;
				CLANG_WARN_SUSPICIOUS_MOVE = YES;
				CLANG_WARN_UNGUARDED_AVAILABILITY = YES_AGGRESSIVE;
				CLANG_WARN_UNREACHABLE_CODE = YES;
				CLANG_WARN__DUPLICATE_METHOD_MATCH = YES;
				COPY_PHASE_STRIP = NO;
				DEBUG_INFORMATION_FORMAT = "dwarf-with-dsym";
				ENABLE_NS_ASSERTIONS = NO;
				ENABLE_STRICT_OBJC_MSGSEND = YES;
				GCC_C_LANGUAGE_STANDARD = gnu11;
				GCC_NO_COMMON_BLOCKS = YES;
				GCC_WARN_64_TO_32_BIT_CONVERSION = YES;
				GCC_WARN_ABOUT_RETURN_TYPE = YES_ERROR;
				GCC_WARN_UNDECLARED_SELECTOR = YES;
				GCC_WARN_UNINITIALIZED_AUTOS = YES_AGGRESSIVE;
				GCC_WARN_UNUSED_FUNCTION = YES;
				GCC_WARN_UNUSED_VARIABLE = YES;
				IPHONEOS_DEPLOYMENT_TARGET = 13.0;
				MTL_ENABLE_DEBUG_INFO = NO;
				MTL_FAST_MATH = YES;
				SDKROOT = iphoneos;
				SWIFT_COMPILATION_MODE = wholemodule;
				SWIFT_OPTIMIZATION_LEVEL = "-O";
				VALIDATE_PRODUCT = YES;
			};
			name = Release;
		};
		04F29024257BA53100D98797 /* Debug */ = {
			isa = XCBuildConfiguration;
			baseConfigurationReference = 6DA87611B2F6EBA533FE45E6 /* Pods-OneSignalTest.debug.xcconfig */;
			buildSettings = {
				ALWAYS_EMBED_SWIFT_STANDARD_LIBRARIES = YES;
				ASSETCATALOG_COMPILER_APPICON_NAME = AppIcon;
				ASSETCATALOG_COMPILER_GLOBAL_ACCENT_COLOR_NAME = AccentColor;
				CODE_SIGN_ENTITLEMENTS = OneSignalTest/OneSignalTest.entitlements;
				CODE_SIGN_STYLE = Automatic;
				DEVELOPMENT_TEAM = 9TWR92H594;
				INFOPLIST_FILE = OneSignalTest/Info.plist;
				LD_RUNPATH_SEARCH_PATHS = (
					"$(inherited)",
					"@executable_path/Frameworks",
				);
				PRODUCT_BUNDLE_IDENTIFIER = com.med.OneSignalTest1;
				PRODUCT_NAME = "$(TARGET_NAME)";
				SWIFT_VERSION = 5.0;
				TARGETED_DEVICE_FAMILY = "1,2";
			};
			name = Debug;
		};
		04F29025257BA53100D98797 /* Release */ = {
			isa = XCBuildConfiguration;
			baseConfigurationReference = 35873FCC2ED5FA8A70D45DFB /* Pods-OneSignalTest.release.xcconfig */;
			buildSettings = {
				ALWAYS_EMBED_SWIFT_STANDARD_LIBRARIES = YES;
				ASSETCATALOG_COMPILER_APPICON_NAME = AppIcon;
				ASSETCATALOG_COMPILER_GLOBAL_ACCENT_COLOR_NAME = AccentColor;
				CODE_SIGN_ENTITLEMENTS = OneSignalTest/OneSignalTest.entitlements;
				CODE_SIGN_STYLE = Automatic;
				DEVELOPMENT_TEAM = 9TWR92H594;
				INFOPLIST_FILE = OneSignalTest/Info.plist;
				LD_RUNPATH_SEARCH_PATHS = (
					"$(inherited)",
					"@executable_path/Frameworks",
				);
				PRODUCT_BUNDLE_IDENTIFIER = com.med.OneSignalTest1;
				PRODUCT_NAME = "$(TARGET_NAME)";
				SWIFT_VERSION = 5.0;
				TARGETED_DEVICE_FAMILY = "1,2";
			};
			name = Release;
		};
		04F29034257BA58800D98797 /* Debug */ = {
			isa = XCBuildConfiguration;
			baseConfigurationReference = F2AE82D423D049BB9C30523D /* Pods-OneSignalNotificationServiceExtension.debug.xcconfig */;
			buildSettings = {
				CODE_SIGN_STYLE = Automatic;
				DEVELOPMENT_TEAM = 9TWR92H594;
				INFOPLIST_FILE = OneSignalNotificationServiceExtension/Info.plist;
				IPHONEOS_DEPLOYMENT_TARGET = 13.0;
				LD_RUNPATH_SEARCH_PATHS = (
					"$(inherited)",
					"@executable_path/Frameworks",
					"@executable_path/../../Frameworks",
				);
				PRODUCT_BUNDLE_IDENTIFIER = com.med.OneSignalTest1.OneSignalNotificationServiceExtension;
				PRODUCT_NAME = "$(TARGET_NAME)";
				SKIP_INSTALL = YES;
				SWIFT_VERSION = 5.0;
				TARGETED_DEVICE_FAMILY = "1,2";
			};
			name = Debug;
		};
		04F29035257BA58800D98797 /* Release */ = {
			isa = XCBuildConfiguration;
			baseConfigurationReference = F05DC206CC48CCD00B7808B2 /* Pods-OneSignalNotificationServiceExtension.release.xcconfig */;
			buildSettings = {
				CODE_SIGN_STYLE = Automatic;
				DEVELOPMENT_TEAM = 9TWR92H594;
				INFOPLIST_FILE = OneSignalNotificationServiceExtension/Info.plist;
				IPHONEOS_DEPLOYMENT_TARGET = 13.0;
				LD_RUNPATH_SEARCH_PATHS = (
					"$(inherited)",
					"@executable_path/Frameworks",
					"@executable_path/../../Frameworks",
				);
				PRODUCT_BUNDLE_IDENTIFIER = com.med.OneSignalTest1.OneSignalNotificationServiceExtension;
				PRODUCT_NAME = "$(TARGET_NAME)";
				SKIP_INSTALL = YES;
				SWIFT_VERSION = 5.0;
				TARGETED_DEVICE_FAMILY = "1,2";
			};
			name = Release;
		};
/* End XCBuildConfiguration section */

/* Begin XCConfigurationList section */
		04F2900A257BA52600D98797 /* Build configuration list for PBXProject "OneSignalTest" */ = {
			isa = XCConfigurationList;
			buildConfigurations = (
				04F29021257BA53100D98797 /* Debug */,
				04F29022257BA53100D98797 /* Release */,
			);
			defaultConfigurationIsVisible = 0;
			defaultConfigurationName = Release;
		};
		04F29023257BA53100D98797 /* Build configuration list for PBXNativeTarget "OneSignalTest" */ = {
			isa = XCConfigurationList;
			buildConfigurations = (
				04F29024257BA53100D98797 /* Debug */,
				04F29025257BA53100D98797 /* Release */,
			);
			defaultConfigurationIsVisible = 0;
			defaultConfigurationName = Release;
		};
		04F29033257BA58800D98797 /* Build configuration list for PBXNativeTarget "OneSignalNotificationServiceExtension" */ = {
			isa = XCConfigurationList;
			buildConfigurations = (
				04F29034257BA58800D98797 /* Debug */,
				04F29035257BA58800D98797 /* Release */,
			);
			defaultConfigurationIsVisible = 0;
			defaultConfigurationName = Release;
		};
/* End XCConfigurationList section */
	};
	rootObject = 04F29007257BA52600D98797 /* Project object */;
}
